// !$*UTF8*$!
{
	archiveVersion = 1;
	classes = {
	};
	objectVersion = 56;
	objects = {

/* Begin PBXBuildFile section */
		540DE872298B85E700B2A545 /* model.cpp in Sources */ = {isa = PBXBuildFile; fileRef = 540DE86C298B85E700B2A545 /* model.cpp */; };
		540DE874298B867000B2A545 /* lesson1.cpp in Sources */ = {isa = PBXBuildFile; fileRef = 540DE873298B867000B2A545 /* lesson1.cpp */; };
		540DE876298B930500B2A545 /* lesson2.cpp in Sources */ = {isa = PBXBuildFile; fileRef = 540DE875298B930500B2A545 /* lesson2.cpp */; };
		54773D732990F6D700E63193 /* lesson3.cpp in Sources */ = {isa = PBXBuildFile; fileRef = 54773D722990F6D700E63193 /* lesson3.cpp */; };
		54CE82902993907B00AA0CC5 /* lesson4.cpp in Sources */ = {isa = PBXBuildFile; fileRef = 54CE828F2993907B00AA0CC5 /* lesson4.cpp */; };
		54CE82942993A7BC00AA0CC5 /* matrix.cpp in Sources */ = {isa = PBXBuildFile; fileRef = 54CE82922993A7BB00AA0CC5 /* matrix.cpp */; };
		54D43ED82989006D00292C3A /* tgaimage.cpp in Sources */ = {isa = PBXBuildFile; fileRef = 54D43ED62989006D00292C3A /* tgaimage.cpp */; };
		54D43ED92989006D00292C3A /* main.cpp in Sources */ = {isa = PBXBuildFile; fileRef = 54D43ED72989006D00292C3A /* main.cpp */; };
/* End PBXBuildFile section */

/* Begin PBXCopyFilesBuildPhase section */
		54D43EC92989005E00292C3A /* CopyFiles */ = {
			isa = PBXCopyFilesBuildPhase;
			buildActionMask = 2147483647;
			dstPath = /usr/share/man/man1/;
			dstSubfolderSpec = 0;
			files = (
			);
			runOnlyForDeploymentPostprocessing = 1;
		};
/* End PBXCopyFilesBuildPhase section */

/* Begin PBXFileReference section */
		540DE86C298B85E700B2A545 /* model.cpp */ = {isa = PBXFileReference; fileEncoding = 4; lastKnownFileType = sourcecode.cpp.cpp; path = model.cpp; sourceTree = "<group>"; };
		540DE86D298B85E700B2A545 /* model.h */ = {isa = PBXFileReference; fileEncoding = 4; lastKnownFileType = sourcecode.c.h; path = model.h; sourceTree = "<group>"; };
		540DE871298B85E700B2A545 /* geometry.h */ = {isa = PBXFileReference; fileEncoding = 4; lastKnownFileType = sourcecode.c.h; path = geometry.h; sourceTree = "<group>"; };
		540DE873298B867000B2A545 /* lesson1.cpp */ = {isa = PBXFileReference; lastKnownFileType = sourcecode.cpp.cpp; path = lesson1.cpp; sourceTree = "<group>"; };
		540DE875298B930500B2A545 /* lesson2.cpp */ = {isa = PBXFileReference; lastKnownFileType = sourcecode.cpp.cpp; path = lesson2.cpp; sourceTree = "<group>"; };
		540DE877298B9AC800B2A545 /* common.h */ = {isa = PBXFileReference; lastKnownFileType = sourcecode.c.h; path = common.h; sourceTree = "<group>"; };
		54773D722990F6D700E63193 /* lesson3.cpp */ = {isa = PBXFileReference; lastKnownFileType = sourcecode.cpp.cpp; path = lesson3.cpp; sourceTree = "<group>"; };
		54CE828F2993907B00AA0CC5 /* lesson4.cpp */ = {isa = PBXFileReference; lastKnownFileType = sourcecode.cpp.cpp; path = lesson4.cpp; sourceTree = "<group>"; };
		54CE82922993A7BB00AA0CC5 /* matrix.cpp */ = {isa = PBXFileReference; lastKnownFileType = sourcecode.cpp.cpp; path = matrix.cpp; sourceTree = "<group>"; };
		54CE82932993A7BC00AA0CC5 /* matrix.hpp */ = {isa = PBXFileReference; lastKnownFileType = sourcecode.cpp.h; path = matrix.hpp; sourceTree = "<group>"; };
		54D43ECB2989005E00292C3A /* MCTiny */ = {isa = PBXFileReference; explicitFileType = "compiled.mach-o.executable"; includeInIndex = 0; path = MCTiny; sourceTree = BUILT_PRODUCTS_DIR; };
		54D43ED52989006D00292C3A /* tgaimage.h */ = {isa = PBXFileReference; fileEncoding = 4; lastKnownFileType = sourcecode.c.h; path = tgaimage.h; sourceTree = "<group>"; };
		54D43ED62989006D00292C3A /* tgaimage.cpp */ = {isa = PBXFileReference; fileEncoding = 4; lastKnownFileType = sourcecode.cpp.cpp; path = tgaimage.cpp; sourceTree = "<group>"; };
		54D43ED72989006D00292C3A /* main.cpp */ = {isa = PBXFileReference; fileEncoding = 4; lastKnownFileType = sourcecode.cpp.cpp; path = main.cpp; sourceTree = "<group>"; };
/* End PBXFileReference section */

/* Begin PBXFrameworksBuildPhase section */
		54D43EC82989005E00292C3A /* Frameworks */ = {
			isa = PBXFrameworksBuildPhase;
			buildActionMask = 2147483647;
			files = (
			);
			runOnlyForDeploymentPostprocessing = 0;
		};
/* End PBXFrameworksBuildPhase section */

/* Begin PBXGroup section */
		54773D712990F6BD00E63193 /* utils */ = {
			isa = PBXGroup;
			children = (
				540DE877298B9AC800B2A545 /* common.h */,
				540DE871298B85E700B2A545 /* geometry.h */,
				54CE82932993A7BC00AA0CC5 /* matrix.hpp */,
				54CE82922993A7BB00AA0CC5 /* matrix.cpp */,
				54D43ED52989006D00292C3A /* tgaimage.h */,
				54D43ED62989006D00292C3A /* tgaimage.cpp */,
				540DE86D298B85E700B2A545 /* model.h */,
				540DE86C298B85E700B2A545 /* model.cpp */,
			);
			path = utils;
			sourceTree = "<group>";
		};
		54D43EC22989005E00292C3A = {
			isa = PBXGroup;
			children = (
				54D43ECD2989005E00292C3A /* MCTiny */,
				54D43ECC2989005E00292C3A /* Products */,
			);
			sourceTree = "<group>";
		};
		54D43ECC2989005E00292C3A /* Products */ = {
			isa = PBXGroup;
			children = (
				54D43ECB2989005E00292C3A /* MCTiny */,
			);
			name = Products;
			sourceTree = "<group>";
		};
		54D43ECD2989005E00292C3A /* MCTiny */ = {
			isa = PBXGroup;
			children = (
				54773D712990F6BD00E63193 /* utils */,
				54D43ED72989006D00292C3A /* main.cpp */,
				540DE873298B867000B2A545 /* lesson1.cpp */,
				540DE875298B930500B2A545 /* lesson2.cpp */,
				54773D722990F6D700E63193 /* lesson3.cpp */,
				54CE828F2993907B00AA0CC5 /* lesson4.cpp */,
			);
			path = MCTiny;
			sourceTree = "<group>";
		};
/* End PBXGroup section */

/* Begin PBXNativeTarget section */
		54D43ECA2989005E00292C3A /* MCTiny */ = {
			isa = PBXNativeTarget;
			buildConfigurationList = 54D43ED22989005E00292C3A /* Build configuration list for PBXNativeTarget "MCTiny" */;
			buildPhases = (
				54D43EC72989005E00292C3A /* Sources */,
				54D43EC82989005E00292C3A /* Frameworks */,
				54D43EC92989005E00292C3A /* CopyFiles */,
			);
			buildRules = (
			);
			dependencies = (
			);
			name = MCTiny;
			productName = MCTiny;
			productReference = 54D43ECB2989005E00292C3A /* MCTiny */;
			productType = "com.apple.product-type.tool";
		};
/* End PBXNativeTarget section */

/* Begin PBXProject section */
		54D43EC32989005E00292C3A /* Project object */ = {
			isa = PBXProject;
			attributes = {
				BuildIndependentTargetsInParallel = 1;
				LastUpgradeCheck = 1400;
				TargetAttributes = {
					54D43ECA2989005E00292C3A = {
						CreatedOnToolsVersion = 14.0.1;
					};
				};
			};
			buildConfigurationList = 54D43EC62989005E00292C3A /* Build configuration list for PBXProject "MCTiny" */;
			compatibilityVersion = "Xcode 14.0";
			developmentRegion = en;
			hasScannedForEncodings = 0;
			knownRegions = (
				en,
				Base,
			);
			mainGroup = 54D43EC22989005E00292C3A;
			productRefGroup = 54D43ECC2989005E00292C3A /* Products */;
			projectDirPath = "";
			projectRoot = "";
			targets = (
				54D43ECA2989005E00292C3A /* MCTiny */,
			);
		};
/* End PBXProject section */

/* Begin PBXSourcesBuildPhase section */
		54D43EC72989005E00292C3A /* Sources */ = {
			isa = PBXSourcesBuildPhase;
			buildActionMask = 2147483647;
			files = (
				54CE82942993A7BC00AA0CC5 /* matrix.cpp in Sources */,
				54CE82902993907B00AA0CC5 /* lesson4.cpp in Sources */,
				54D43ED92989006D00292C3A /* main.cpp in Sources */,
				54773D732990F6D700E63193 /* lesson3.cpp in Sources */,
				540DE876298B930500B2A545 /* lesson2.cpp in Sources */,
				540DE874298B867000B2A545 /* lesson1.cpp in Sources */,
				54D43ED82989006D00292C3A /* tgaimage.cpp in Sources */,
				540DE872298B85E700B2A545 /* model.cpp in Sources */,
			);
			runOnlyForDeploymentPostprocessing = 0;
		};
/* End PBXSourcesBuildPhase section */

/* Begin XCBuildConfiguration section */
		54D43ED02989005E00292C3A /* Debug */ = {
			isa = XCBuildConfiguration;
			buildSettings = {
				ALWAYS_SEARCH_USER_PATHS = NO;
				CLANG_ANALYZER_NONNULL = YES;
				CLANG_ANALYZER_NUMBER_OBJECT_CONVERSION = YES_AGGRESSIVE;
				CLANG_CXX_LANGUAGE_STANDARD = "gnu++20";
				CLANG_ENABLE_MODULES = YES;
				CLANG_ENABLE_OBJC_ARC = YES;
				CLANG_ENABLE_OBJC_WEAK = YES;
				CLANG_WARN_BLOCK_CAPTURE_AUTORELEASING = YES;
				CLANG_WARN_BOOL_CONVERSION = YES;
				CLANG_WARN_COMMA = YES;
				CLANG_WARN_CONSTANT_CONVERSION = YES;
				CLANG_WARN_DEPRECATED_OBJC_IMPLEMENTATIONS = YES;
				CLANG_WARN_DIRECT_OBJC_ISA_USAGE = YES_ERROR;
				CLANG_WARN_DOCUMENTATION_COMMENTS = YES;
				CLANG_WARN_EMPTY_BODY = YES;
				CLANG_WARN_ENUM_CONVERSION = YES;
				CLANG_WARN_INFINITE_RECURSION = YES;
				CLANG_WARN_INT_CONVERSION = YES;
				CLANG_WARN_NON_LITERAL_NULL_CONVERSION = YES;
				CLANG_WARN_OBJC_IMPLICIT_RETAIN_SELF = YES;
				CLANG_WARN_OBJC_LITERAL_CONVERSION = YES;
				CLANG_WARN_OBJC_ROOT_CLASS = YES_ERROR;
				CLANG_WARN_QUOTED_INCLUDE_IN_FRAMEWORK_HEADER = YES;
				CLANG_WARN_RANGE_LOOP_ANALYSIS = YES;
				CLANG_WARN_STRICT_PROTOTYPES = YES;
				CLANG_WARN_SUSPICIOUS_MOVE = YES;
				CLANG_WARN_UNGUARDED_AVAILABILITY = YES_AGGRESSIVE;
				CLANG_WARN_UNREACHABLE_CODE = YES;
				CLANG_WARN__DUPLICATE_METHOD_MATCH = YES;
				COPY_PHASE_STRIP = NO;
				DEBUG_INFORMATION_FORMAT = dwarf;
				ENABLE_STRICT_OBJC_MSGSEND = YES;
				ENABLE_TESTABILITY = YES;
				GCC_C_LANGUAGE_STANDARD = gnu11;
				GCC_DYNAMIC_NO_PIC = NO;
				GCC_NO_COMMON_BLOCKS = YES;
				GCC_OPTIMIZATION_LEVEL = 0;
				GCC_PREPROCESSOR_DEFINITIONS = (
					"DEBUG=1",
					"$(inherited)",
				);
				GCC_WARN_64_TO_32_BIT_CONVERSION = YES;
				GCC_WARN_ABOUT_RETURN_TYPE = YES_ERROR;
				GCC_WARN_UNDECLARED_SELECTOR = YES;
				GCC_WARN_UNINITIALIZED_AUTOS = YES_AGGRESSIVE;
				GCC_WARN_UNUSED_FUNCTION = YES;
				GCC_WARN_UNUSED_VARIABLE = YES;
				MACOSX_DEPLOYMENT_TARGET = 12.3;
				MTL_ENABLE_DEBUG_INFO = INCLUDE_SOURCE;
				MTL_FAST_MATH = YES;
				ONLY_ACTIVE_ARCH = YES;
				SDKROOT = macosx;
			};
			name = Debug;
		};
		54D43ED12989005E00292C3A /* Release */ = {
			isa = XCBuildConfiguration;
			buildSettings = {
				ALWAYS_SEARCH_USER_PATHS = NO;
				CLANG_ANALYZER_NONNULL = YES;
				CLANG_ANALYZER_NUMBER_OBJECT_CONVERSION = YES_AGGRESSIVE;
				CLANG_CXX_LANGUAGE_STANDARD = "gnu++20";
				CLANG_ENABLE_MODULES = YES;
				CLANG_ENABLE_OBJC_ARC = YES;
				CLANG_ENABLE_OBJC_WEAK = YES;
				CLANG_WARN_BLOCK_CAPTURE_AUTORELEASING = YES;
				CLANG_WARN_BOOL_CONVERSION = YES;
				CLANG_WARN_COMMA = YES;
				CLANG_WARN_CONSTANT_CONVERSION = YES;
				CLANG_WARN_DEPRECATED_OBJC_IMPLEMENTATIONS = YES;
				CLANG_WARN_DIRECT_OBJC_ISA_USAGE = YES_ERROR;
				CLANG_WARN_DOCUMENTATION_COMMENTS = YES;
				CLANG_WARN_EMPTY_BODY = YES;
				CLANG_WARN_ENUM_CONVERSION = YES;
				CLANG_WARN_INFINITE_RECURSION = YES;
				CLANG_WARN_INT_CONVERSION = YES;
				CLANG_WARN_NON_LITERAL_NULL_CONVERSION = YES;
				CLANG_WARN_OBJC_IMPLICIT_RETAIN_SELF = YES;
				CLANG_WARN_OBJC_LITERAL_CONVERSION = YES;
				CLANG_WARN_OBJC_ROOT_CLASS = YES_ERROR;
				CLANG_WARN_QUOTED_INCLUDE_IN_FRAMEWORK_HEADER = YES;
				CLANG_WARN_RANGE_LOOP_ANALYSIS = YES;
				CLANG_WARN_STRICT_PROTOTYPES = YES;
				CLANG_WARN_SUSPICIOUS_MOVE = YES;
				CLANG_WARN_UNGUARDED_AVAILABILITY = YES_AGGRESSIVE;
				CLANG_WARN_UNREACHABLE_CODE = YES;
				CLANG_WARN__DUPLICATE_METHOD_MATCH = YES;
				COPY_PHASE_STRIP = NO;
				DEBUG_INFORMATION_FORMAT = "dwarf-with-dsym";
				ENABLE_NS_ASSERTIONS = NO;
				ENABLE_STRICT_OBJC_MSGSEND = YES;
				GCC_C_LANGUAGE_STANDARD = gnu11;
				GCC_NO_COMMON_BLOCKS = YES;
				GCC_WARN_64_TO_32_BIT_CONVERSION = YES;
				GCC_WARN_ABOUT_RETURN_TYPE = YES_ERROR;
				GCC_WARN_UNDECLARED_SELECTOR = YES;
				GCC_WARN_UNINITIALIZED_AUTOS = YES_AGGRESSIVE;
				GCC_WARN_UNUSED_FUNCTION = YES;
				GCC_WARN_UNUSED_VARIABLE = YES;
				MACOSX_DEPLOYMENT_TARGET = 12.3;
				MTL_ENABLE_DEBUG_INFO = NO;
				MTL_FAST_MATH = YES;
				SDKROOT = macosx;
			};
			name = Release;
		};
		54D43ED32989005E00292C3A /* Debug */ = {
			isa = XCBuildConfiguration;
			buildSettings = {
				CODE_SIGN_STYLE = Automatic;
				PRODUCT_NAME = "$(TARGET_NAME)";
			};
			name = Debug;
		};
		54D43ED42989005E00292C3A /* Release */ = {
			isa = XCBuildConfiguration;
			buildSettings = {
				CODE_SIGN_STYLE = Automatic;
				PRODUCT_NAME = "$(TARGET_NAME)";
			};
			name = Release;
		};
/* End XCBuildConfiguration section */

/* Begin XCConfigurationList section */
		54D43EC62989005E00292C3A /* Build configuration list for PBXProject "MCTiny" */ = {
			isa = XCConfigurationList;
			buildConfigurations = (
				54D43ED02989005E00292C3A /* Debug */,
				54D43ED12989005E00292C3A /* Release */,
			);
			defaultConfigurationIsVisible = 0;
			defaultConfigurationName = Release;
		};
		54D43ED22989005E00292C3A /* Build configuration list for PBXNativeTarget "MCTiny" */ = {
			isa = XCConfigurationList;
			buildConfigurations = (
				54D43ED32989005E00292C3A /* Debug */,
				54D43ED42989005E00292C3A /* Release */,
			);
			defaultConfigurationIsVisible = 0;
			defaultConfigurationName = Release;
		};
/* End XCConfigurationList section */
	};
	rootObject = 54D43EC32989005E00292C3A /* Project object */;
}
