// !$*UTF8*$!
{
	archiveVersion = 1;
	classes = {
	};
	objectVersion = 56;
	objects = {

/* Begin PBXBuildFile section */
		540159EA299BAEC100DFAE4C /* model.cpp in Sources */ = {isa = PBXBuildFile; fileRef = 540159E5299BAEC100DFAE4C /* model.cpp */; };
		540159EB299BAEC100DFAE4C /* tgaimage.cpp in Sources */ = {isa = PBXBuildFile; fileRef = 540159E7299BAEC100DFAE4C /* tgaimage.cpp */; };
		540159ED299BAF1B00DFAE4C /* mian.cpp in Sources */ = {isa = PBXBuildFile; fileRef = 540159EC299BAF1B00DFAE4C /* mian.cpp */; };
		540159F0299BAF5E00DFAE4C /* MVP.cpp in Sources */ = {isa = PBXBuildFile; fileRef = 540159EE299BAF5E00DFAE4C /* MVP.cpp */; };
		540159F3299BAF6C00DFAE4C /* Shader.cpp in Sources */ = {isa = PBXBuildFile; fileRef = 540159F1299BAF6C00DFAE4C /* Shader.cpp */; };
		540159F6299BB0F700DFAE4C /* Rasterization.cpp in Sources */ = {isa = PBXBuildFile; fileRef = 540159F4299BB0F700DFAE4C /* Rasterization.cpp */; };
		540159F8299C6EE100DFAE4C /* geometry.cpp in Sources */ = {isa = PBXBuildFile; fileRef = 540159F7299C6EE100DFAE4C /* geometry.cpp */; };
		540159FB299DDEAC00DFAE4C /* ShadowShader.cpp in Sources */ = {isa = PBXBuildFile; fileRef = 540159F9299DDEAC00DFAE4C /* ShadowShader.cpp */; };
/* End PBXBuildFile section */

/* Begin PBXCopyFilesBuildPhase section */
		540159D0299BAE8C00DFAE4C /* CopyFiles */ = {
			isa = PBXCopyFilesBuildPhase;
			buildActionMask = 2147483647;
			dstPath = /usr/share/man/man1/;
			dstSubfolderSpec = 0;
			files = (
			);
			runOnlyForDeploymentPostprocessing = 1;
		};
/* End PBXCopyFilesBuildPhase section */

/* Begin PBXFileReference section */
		540159D2299BAE8C00DFAE4C /* MCShader */ = {isa = PBXFileReference; explicitFileType = "compiled.mach-o.executable"; includeInIndex = 0; path = MCShader; sourceTree = BUILT_PRODUCTS_DIR; };
		540159E2299BAEC100DFAE4C /* common.h */ = {isa = PBXFileReference; fileEncoding = 4; lastKnownFileType = sourcecode.c.h; path = common.h; sourceTree = "<group>"; };
		540159E4299BAEC100DFAE4C /* model.h */ = {isa = PBXFileReference; fileEncoding = 4; lastKnownFileType = sourcecode.c.h; path = model.h; sourceTree = "<group>"; };
		540159E5299BAEC100DFAE4C /* model.cpp */ = {isa = PBXFileReference; fileEncoding = 4; lastKnownFileType = sourcecode.cpp.cpp; path = model.cpp; sourceTree = "<group>"; };
		540159E6299BAEC100DFAE4C /* tgaimage.h */ = {isa = PBXFileReference; fileEncoding = 4; lastKnownFileType = sourcecode.c.h; path = tgaimage.h; sourceTree = "<group>"; };
		540159E7299BAEC100DFAE4C /* tgaimage.cpp */ = {isa = PBXFileReference; fileEncoding = 4; lastKnownFileType = sourcecode.cpp.cpp; path = tgaimage.cpp; sourceTree = "<group>"; };
		540159E8299BAEC100DFAE4C /* geometry.h */ = {isa = PBXFileReference; fileEncoding = 4; lastKnownFileType = sourcecode.c.h; path = geometry.h; sourceTree = "<group>"; };
		540159EC299BAF1B00DFAE4C /* mian.cpp */ = {isa = PBXFileReference; lastKnownFileType = sourcecode.cpp.cpp; path = mian.cpp; sourceTree = "<group>"; };
		540159EE299BAF5E00DFAE4C /* MVP.cpp */ = {isa = PBXFileReference; lastKnownFileType = sourcecode.cpp.cpp; path = MVP.cpp; sourceTree = "<group>"; };
		540159EF299BAF5E00DFAE4C /* MVP.hpp */ = {isa = PBXFileReference; lastKnownFileType = sourcecode.cpp.h; path = MVP.hpp; sourceTree = "<group>"; };
		540159F1299BAF6C00DFAE4C /* Shader.cpp */ = {isa = PBXFileReference; lastKnownFileType = sourcecode.cpp.cpp; path = Shader.cpp; sourceTree = "<group>"; };
		540159F2299BAF6C00DFAE4C /* Shader.hpp */ = {isa = PBXFileReference; lastKnownFileType = sourcecode.cpp.h; path = Shader.hpp; sourceTree = "<group>"; };
		540159F4299BB0F700DFAE4C /* Rasterization.cpp */ = {isa = PBXFileReference; lastKnownFileType = sourcecode.cpp.cpp; path = Rasterization.cpp; sourceTree = "<group>"; };
		540159F5299BB0F700DFAE4C /* Rasterization.hpp */ = {isa = PBXFileReference; lastKnownFileType = sourcecode.cpp.h; path = Rasterization.hpp; sourceTree = "<group>"; };
		540159F7299C6EE100DFAE4C /* geometry.cpp */ = {isa = PBXFileReference; lastKnownFileType = sourcecode.cpp.cpp; path = geometry.cpp; sourceTree = "<group>"; };
		540159F9299DDEAC00DFAE4C /* ShadowShader.cpp */ = {isa = PBXFileReference; lastKnownFileType = sourcecode.cpp.cpp; path = ShadowShader.cpp; sourceTree = "<group>"; };
		540159FA299DDEAC00DFAE4C /* ShadowShader.hpp */ = {isa = PBXFileReference; lastKnownFileType = sourcecode.cpp.h; path = ShadowShader.hpp; sourceTree = "<group>"; };
/* End PBXFileReference section */

/* Begin PBXFrameworksBuildPhase section */
		540159CF299BAE8C00DFAE4C /* Frameworks */ = {
			isa = PBXFrameworksBuildPhase;
			buildActionMask = 2147483647;
			files = (
			);
			runOnlyForDeploymentPostprocessing = 0;
		};
/* End PBXFrameworksBuildPhase section */

/* Begin PBXGroup section */
		540159C9299BAE8C00DFAE4C = {
			isa = PBXGroup;
			children = (
				540159D4299BAE8C00DFAE4C /* MCShader */,
				540159D3299BAE8C00DFAE4C /* Products */,
			);
			sourceTree = "<group>";
		};
		540159D3299BAE8C00DFAE4C /* Products */ = {
			isa = PBXGroup;
			children = (
				540159D2299BAE8C00DFAE4C /* MCShader */,
			);
			name = Products;
			sourceTree = "<group>";
		};
		540159D4299BAE8C00DFAE4C /* MCShader */ = {
			isa = PBXGroup;
			children = (
				540159DC299BAEC100DFAE4C /* utils */,
				540159EC299BAF1B00DFAE4C /* mian.cpp */,
				540159EE299BAF5E00DFAE4C /* MVP.cpp */,
				540159EF299BAF5E00DFAE4C /* MVP.hpp */,
				540159F1299BAF6C00DFAE4C /* Shader.cpp */,
				540159F2299BAF6C00DFAE4C /* Shader.hpp */,
				540159F9299DDEAC00DFAE4C /* ShadowShader.cpp */,
				540159FA299DDEAC00DFAE4C /* ShadowShader.hpp */,
				540159F4299BB0F700DFAE4C /* Rasterization.cpp */,
				540159F5299BB0F700DFAE4C /* Rasterization.hpp */,
			);
			path = MCShader;
			sourceTree = "<group>";
		};
		540159DC299BAEC100DFAE4C /* utils */ = {
			isa = PBXGroup;
			children = (
				540159E2299BAEC100DFAE4C /* common.h */,
				540159E4299BAEC100DFAE4C /* model.h */,
				540159E5299BAEC100DFAE4C /* model.cpp */,
				540159E6299BAEC100DFAE4C /* tgaimage.h */,
				540159E7299BAEC100DFAE4C /* tgaimage.cpp */,
				540159E8299BAEC100DFAE4C /* geometry.h */,
				540159F7299C6EE100DFAE4C /* geometry.cpp */,
			);
			path = utils;
			sourceTree = "<group>";
		};
/* End PBXGroup section */

/* Begin PBXNativeTarget section */
		540159D1299BAE8C00DFAE4C /* MCShader */ = {
			isa = PBXNativeTarget;
			buildConfigurationList = 540159D9299BAE8C00DFAE4C /* Build configuration list for PBXNativeTarget "MCShader" */;
			buildPhases = (
				540159CE299BAE8C00DFAE4C /* Sources */,
				540159CF299BAE8C00DFAE4C /* Frameworks */,
				540159D0299BAE8C00DFAE4C /* CopyFiles */,
			);
			buildRules = (
			);
			dependencies = (
			);
			name = MCShader;
			productName = MCShader;
			productReference = 540159D2299BAE8C00DFAE4C /* MCShader */;
			productType = "com.apple.product-type.tool";
		};
/* End PBXNativeTarget section */

/* Begin PBXProject section */
		540159CA299BAE8C00DFAE4C /* Project object */ = {
			isa = PBXProject;
			attributes = {
				BuildIndependentTargetsInParallel = 1;
				LastUpgradeCheck = 1400;
				TargetAttributes = {
					540159D1299BAE8C00DFAE4C = {
						CreatedOnToolsVersion = 14.0.1;
					};
				};
			};
			buildConfigurationList = 540159CD299BAE8C00DFAE4C /* Build configuration list for PBXProject "MCShader" */;
			compatibilityVersion = "Xcode 14.0";
			developmentRegion = en;
			hasScannedForEncodings = 0;
			knownRegions = (
				en,
				Base,
			);
			mainGroup = 540159C9299BAE8C00DFAE4C;
			productRefGroup = 540159D3299BAE8C00DFAE4C /* Products */;
			projectDirPath = "";
			projectRoot = "";
			targets = (
				540159D1299BAE8C00DFAE4C /* MCShader */,
			);
		};
/* End PBXProject section */

/* Begin PBXSourcesBuildPhase section */
		540159CE299BAE8C00DFAE4C /* Sources */ = {
			isa = PBXSourcesBuildPhase;
			buildActionMask = 2147483647;
			files = (
				540159F0299BAF5E00DFAE4C /* MVP.cpp in Sources */,
				540159F8299C6EE100DFAE4C /* geometry.cpp in Sources */,
				540159EA299BAEC100DFAE4C /* model.cpp in Sources */,
				540159ED299BAF1B00DFAE4C /* mian.cpp in Sources */,
				540159F6299BB0F700DFAE4C /* Rasterization.cpp in Sources */,
				540159F3299BAF6C00DFAE4C /* Shader.cpp in Sources */,
				540159FB299DDEAC00DFAE4C /* ShadowShader.cpp in Sources */,
				540159EB299BAEC100DFAE4C /* tgaimage.cpp in Sources */,
			);
			runOnlyForDeploymentPostprocessing = 0;
		};
/* End PBXSourcesBuildPhase section */

/* Begin XCBuildConfiguration section */
		540159D7299BAE8C00DFAE4C /* Debug */ = {
			isa = XCBuildConfiguration;
			buildSettings = {
				ALWAYS_SEARCH_USER_PATHS = NO;
				CLANG_ANALYZER_NONNULL = YES;
				CLANG_ANALYZER_NUMBER_OBJECT_CONVERSION = YES_AGGRESSIVE;
				CLANG_CXX_LANGUAGE_STANDARD = "gnu++20";
				CLANG_ENABLE_MODULES = YES;
				CLANG_ENABLE_OBJC_ARC = YES;
				CLANG_ENABLE_OBJC_WEAK = YES;
				CLANG_WARN_BLOCK_CAPTURE_AUTORELEASING = YES;
				CLANG_WARN_BOOL_CONVERSION = YES;
				CLANG_WARN_COMMA = YES;
				CLANG_WARN_CONSTANT_CONVERSION = YES;
				CLANG_WARN_DEPRECATED_OBJC_IMPLEMENTATIONS = YES;
				CLANG_WARN_DIRECT_OBJC_ISA_USAGE = YES_ERROR;
				CLANG_WARN_DOCUMENTATION_COMMENTS = YES;
				CLANG_WARN_EMPTY_BODY = YES;
				CLANG_WARN_ENUM_CONVERSION = YES;
				CLANG_WARN_INFINITE_RECURSION = YES;
				CLANG_WARN_INT_CONVERSION = YES;
				CLANG_WARN_NON_LITERAL_NULL_CONVERSION = YES;
				CLANG_WARN_OBJC_IMPLICIT_RETAIN_SELF = YES;
				CLANG_WARN_OBJC_LITERAL_CONVERSION = YES;
				CLANG_WARN_OBJC_ROOT_CLASS = YES_ERROR;
				CLANG_WARN_QUOTED_INCLUDE_IN_FRAMEWORK_HEADER = YES;
				CLANG_WARN_RANGE_LOOP_ANALYSIS = YES;
				CLANG_WARN_STRICT_PROTOTYPES = YES;
				CLANG_WARN_SUSPICIOUS_MOVE = YES;
				CLANG_WARN_UNGUARDED_AVAILABILITY = YES_AGGRESSIVE;
				CLANG_WARN_UNREACHABLE_CODE = YES;
				CLANG_WARN__DUPLICATE_METHOD_MATCH = YES;
				COPY_PHASE_STRIP = NO;
				DEBUG_INFORMATION_FORMAT = dwarf;
				ENABLE_STRICT_OBJC_MSGSEND = YES;
				ENABLE_TESTABILITY = YES;
				GCC_C_LANGUAGE_STANDARD = gnu11;
				GCC_DYNAMIC_NO_PIC = NO;
				GCC_NO_COMMON_BLOCKS = YES;
				GCC_OPTIMIZATION_LEVEL = 0;
				GCC_PREPROCESSOR_DEFINITIONS = (
					"DEBUG=1",
					"$(inherited)",
				);
				GCC_WARN_64_TO_32_BIT_CONVERSION = YES;
				GCC_WARN_ABOUT_RETURN_TYPE = YES_ERROR;
				GCC_WARN_UNDECLARED_SELECTOR = YES;
				GCC_WARN_UNINITIALIZED_AUTOS = YES_AGGRESSIVE;
				GCC_WARN_UNUSED_FUNCTION = YES;
				GCC_WARN_UNUSED_VARIABLE = YES;
				MACOSX_DEPLOYMENT_TARGET = 12.3;
				MTL_ENABLE_DEBUG_INFO = INCLUDE_SOURCE;
				MTL_FAST_MATH = YES;
				ONLY_ACTIVE_ARCH = YES;
				SDKROOT = macosx;
			};
			name = Debug;
		};
		540159D8299BAE8C00DFAE4C /* Release */ = {
			isa = XCBuildConfiguration;
			buildSettings = {
				ALWAYS_SEARCH_USER_PATHS = NO;
				CLANG_ANALYZER_NONNULL = YES;
				CLANG_ANALYZER_NUMBER_OBJECT_CONVERSION = YES_AGGRESSIVE;
				CLANG_CXX_LANGUAGE_STANDARD = "gnu++20";
				CLANG_ENABLE_MODULES = YES;
				CLANG_ENABLE_OBJC_ARC = YES;
				CLANG_ENABLE_OBJC_WEAK = YES;
				CLANG_WARN_BLOCK_CAPTURE_AUTORELEASING = YES;
				CLANG_WARN_BOOL_CONVERSION = YES;
				CLANG_WARN_COMMA = YES;
				CLANG_WARN_CONSTANT_CONVERSION = YES;
				CLANG_WARN_DEPRECATED_OBJC_IMPLEMENTATIONS = YES;
				CLANG_WARN_DIRECT_OBJC_ISA_USAGE = YES_ERROR;
				CLANG_WARN_DOCUMENTATION_COMMENTS = YES;
				CLANG_WARN_EMPTY_BODY = YES;
				CLANG_WARN_ENUM_CONVERSION = YES;
				CLANG_WARN_INFINITE_RECURSION = YES;
				CLANG_WARN_INT_CONVERSION = YES;
				CLANG_WARN_NON_LITERAL_NULL_CONVERSION = YES;
				CLANG_WARN_OBJC_IMPLICIT_RETAIN_SELF = YES;
				CLANG_WARN_OBJC_LITERAL_CONVERSION = YES;
				CLANG_WARN_OBJC_ROOT_CLASS = YES_ERROR;
				CLANG_WARN_QUOTED_INCLUDE_IN_FRAMEWORK_HEADER = YES;
				CLANG_WARN_RANGE_LOOP_ANALYSIS = YES;
				CLANG_WARN_STRICT_PROTOTYPES = YES;
				CLANG_WARN_SUSPICIOUS_MOVE = YES;
				CLANG_WARN_UNGUARDED_AVAILABILITY = YES_AGGRESSIVE;
				CLANG_WARN_UNREACHABLE_CODE = YES;
				CLANG_WARN__DUPLICATE_METHOD_MATCH = YES;
				COPY_PHASE_STRIP = NO;
				DEBUG_INFORMATION_FORMAT = "dwarf-with-dsym";
				ENABLE_NS_ASSERTIONS = NO;
				ENABLE_STRICT_OBJC_MSGSEND = YES;
				GCC_C_LANGUAGE_STANDARD = gnu11;
				GCC_NO_COMMON_BLOCKS = YES;
				GCC_WARN_64_TO_32_BIT_CONVERSION = YES;
				GCC_WARN_ABOUT_RETURN_TYPE = YES_ERROR;
				GCC_WARN_UNDECLARED_SELECTOR = YES;
				GCC_WARN_UNINITIALIZED_AUTOS = YES_AGGRESSIVE;
				GCC_WARN_UNUSED_FUNCTION = YES;
				GCC_WARN_UNUSED_VARIABLE = YES;
				MACOSX_DEPLOYMENT_TARGET = 12.3;
				MTL_ENABLE_DEBUG_INFO = NO;
				MTL_FAST_MATH = YES;
				SDKROOT = macosx;
			};
			name = Release;
		};
		540159DA299BAE8C00DFAE4C /* Debug */ = {
			isa = XCBuildConfiguration;
			buildSettings = {
				CODE_SIGN_STYLE = Automatic;
				PRODUCT_NAME = "$(TARGET_NAME)";
			};
			name = Debug;
		};
		540159DB299BAE8C00DFAE4C /* Release */ = {
			isa = XCBuildConfiguration;
			buildSettings = {
				CODE_SIGN_STYLE = Automatic;
				PRODUCT_NAME = "$(TARGET_NAME)";
			};
			name = Release;
		};
/* End XCBuildConfiguration section */

/* Begin XCConfigurationList section */
		540159CD299BAE8C00DFAE4C /* Build configuration list for PBXProject "MCShader" */ = {
			isa = XCConfigurationList;
			buildConfigurations = (
				540159D7299BAE8C00DFAE4C /* Debug */,
				540159D8299BAE8C00DFAE4C /* Release */,
			);
			defaultConfigurationIsVisible = 0;
			defaultConfigurationName = Release;
		};
		540159D9299BAE8C00DFAE4C /* Build configuration list for PBXNativeTarget "MCShader" */ = {
			isa = XCConfigurationList;
			buildConfigurations = (
				540159DA299BAE8C00DFAE4C /* Debug */,
				540159DB299BAE8C00DFAE4C /* Release */,
			);
			defaultConfigurationIsVisible = 0;
			defaultConfigurationName = Release;
		};
/* End XCConfigurationList section */
	};
	rootObject = 540159CA299BAE8C00DFAE4C /* Project object */;
}
